{
    "_meta": {
        "hash": {
            "sha256": "fb8de269804e93eab30d61bb47aab425555dae9cd7668515abbb8f53acd21255"
        },
        "pipfile-spec": 6,
        "requires": {
            "python_version": "3.9"
        },
        "sources": [
            {
                "name": "pypi",
                "url": "https://pypi.org/simple",
                "verify_ssl": true
            }
        ]
    },
    "default": {
        "fastapi": {
            "extras": [
                "standard"
            ],
            "version": "*"
        },
        "mediapipe": "==0.10.9"
    },
    "develop": {}
}
